// !$*UTF8*$!
{
	archiveVersion = 1;
	classes = {
	};
	objectVersion = 50;
	objects = {

/* Begin PBXBuildFile section */
		5B288E7B246F835F006E8A41 /* AppDelegate.swift in Sources */ = {isa = PBXBuildFile; fileRef = 5B288E7A246F835F006E8A41 /* AppDelegate.swift */; };
		5B288E7D246F835F006E8A41 /* SceneDelegate.swift in Sources */ = {isa = PBXBuildFile; fileRef = 5B288E7C246F835F006E8A41 /* SceneDelegate.swift */; };
		5B288E82246F835F006E8A41 /* Main.storyboard in Resources */ = {isa = PBXBuildFile; fileRef = 5B288E80246F835F006E8A41 /* Main.storyboard */; };
		5B288E84246F8362006E8A41 /* Assets.xcassets in Resources */ = {isa = PBXBuildFile; fileRef = 5B288E83246F8362006E8A41 /* Assets.xcassets */; };
		5B288E87246F8362006E8A41 /* LaunchScreen.storyboard in Resources */ = {isa = PBXBuildFile; fileRef = 5B288E85246F8362006E8A41 /* LaunchScreen.storyboard */; };
		5B61D11D247B3BBE00D13797 /* WordsData.swift in Sources */ = {isa = PBXBuildFile; fileRef = 5B61D11C247B3BBE00D13797 /* WordsData.swift */; };
		5B61D121247B7DC200D13797 /* LevelButton.swift in Sources */ = {isa = PBXBuildFile; fileRef = 5B61D120247B7DC200D13797 /* LevelButton.swift */; };
		5B69429E24859463003BDFD5 /* CardView.swift in Sources */ = {isa = PBXBuildFile; fileRef = 5B69429D24859463003BDFD5 /* CardView.swift */; };
		5B6942A024859725003BDFD5 /* UIView+Ext.swift in Sources */ = {isa = PBXBuildFile; fileRef = 5B69429F24859725003BDFD5 /* UIView+Ext.swift */; };
		5B6FD805249871EA00A9255C /* BGImageView.swift in Sources */ = {isa = PBXBuildFile; fileRef = 5B6FD804249871EA00A9255C /* BGImageView.swift */; };
		5B819ADB248D45AF0090AD4E /* CategoryCell.swift in Sources */ = {isa = PBXBuildFile; fileRef = 5B819ADA248D45AF0090AD4E /* CategoryCell.swift */; };
		5BC11A4D24BD518B00BE4B0F /* BackButton.swift in Sources */ = {isa = PBXBuildFile; fileRef = 5BC11A4C24BD518B00BE4B0F /* BackButton.swift */; };
		5BC11A5324BFC71900BE4B0F /* Level.swift in Sources */ = {isa = PBXBuildFile; fileRef = 5BC11A5224BFC71900BE4B0F /* Level.swift */; };
		5BC11A5524BFC73800BE4B0F /* Category.swift in Sources */ = {isa = PBXBuildFile; fileRef = 5BC11A5424BFC73800BE4B0F /* Category.swift */; };
		5BC11A5824BFFA2D00BE4B0F /* SentenceManager.swift in Sources */ = {isa = PBXBuildFile; fileRef = 5BC11A5724BFFA2D00BE4B0F /* SentenceManager.swift */; };
		5BECAC1E248F455900B6AF63 /* MainVC.swift in Sources */ = {isa = PBXBuildFile; fileRef = 5BECAC1D248F455900B6AF63 /* MainVC.swift */; };
		5BECAC22248FF54A00B6AF63 /* StartButton.swift in Sources */ = {isa = PBXBuildFile; fileRef = 5BECAC21248FF54A00B6AF63 /* StartButton.swift */; };
		5BF5C7BE2470E69A00739F18 /* CardsVC.swift in Sources */ = {isa = PBXBuildFile; fileRef = 5BF5C7BD2470E69A00739F18 /* CardsVC.swift */; };
/* End PBXBuildFile section */

/* Begin PBXFileReference section */
		5B288E77246F835F006E8A41 /* Imagine This.app */ = {isa = PBXFileReference; explicitFileType = wrapper.application; includeInIndex = 0; path = "Imagine This.app"; sourceTree = BUILT_PRODUCTS_DIR; };
		5B288E7A246F835F006E8A41 /* AppDelegate.swift */ = {isa = PBXFileReference; lastKnownFileType = sourcecode.swift; path = AppDelegate.swift; sourceTree = "<group>"; };
		5B288E7C246F835F006E8A41 /* SceneDelegate.swift */ = {isa = PBXFileReference; lastKnownFileType = sourcecode.swift; path = SceneDelegate.swift; sourceTree = "<group>"; };
		5B288E81246F835F006E8A41 /* Base */ = {isa = PBXFileReference; lastKnownFileType = file.storyboard; name = Base; path = Base.lproj/Main.storyboard; sourceTree = "<group>"; };
		5B288E83246F8362006E8A41 /* Assets.xcassets */ = {isa = PBXFileReference; lastKnownFileType = folder.assetcatalog; path = Assets.xcassets; sourceTree = "<group>"; };
		5B288E86246F8362006E8A41 /* Base */ = {isa = PBXFileReference; lastKnownFileType = file.storyboard; name = Base; path = Base.lproj/LaunchScreen.storyboard; sourceTree = "<group>"; };
		5B288E88246F8362006E8A41 /* Info.plist */ = {isa = PBXFileReference; lastKnownFileType = text.plist.xml; path = Info.plist; sourceTree = "<group>"; };
		5B61D11C247B3BBE00D13797 /* WordsData.swift */ = {isa = PBXFileReference; lastKnownFileType = sourcecode.swift; path = WordsData.swift; sourceTree = "<group>"; };
		5B61D120247B7DC200D13797 /* LevelButton.swift */ = {isa = PBXFileReference; lastKnownFileType = sourcecode.swift; path = LevelButton.swift; sourceTree = "<group>"; };
		5B69429D24859463003BDFD5 /* CardView.swift */ = {isa = PBXFileReference; lastKnownFileType = sourcecode.swift; path = CardView.swift; sourceTree = "<group>"; };
		5B69429F24859725003BDFD5 /* UIView+Ext.swift */ = {isa = PBXFileReference; lastKnownFileType = sourcecode.swift; path = "UIView+Ext.swift"; sourceTree = "<group>"; };
		5B6FD804249871EA00A9255C /* BGImageView.swift */ = {isa = PBXFileReference; lastKnownFileType = sourcecode.swift; path = BGImageView.swift; sourceTree = "<group>"; };
		5B819ADA248D45AF0090AD4E /* CategoryCell.swift */ = {isa = PBXFileReference; lastKnownFileType = sourcecode.swift; path = CategoryCell.swift; sourceTree = "<group>"; };
		5BC11A4C24BD518B00BE4B0F /* BackButton.swift */ = {isa = PBXFileReference; lastKnownFileType = sourcecode.swift; path = BackButton.swift; sourceTree = "<group>"; };
		5BC11A5224BFC71900BE4B0F /* Level.swift */ = {isa = PBXFileReference; lastKnownFileType = sourcecode.swift; path = Level.swift; sourceTree = "<group>"; };
		5BC11A5424BFC73800BE4B0F /* Category.swift */ = {isa = PBXFileReference; lastKnownFileType = sourcecode.swift; path = Category.swift; sourceTree = "<group>"; };
		5BC11A5724BFFA2D00BE4B0F /* SentenceManager.swift */ = {isa = PBXFileReference; lastKnownFileType = sourcecode.swift; path = SentenceManager.swift; sourceTree = "<group>"; };
		5BECAC1D248F455900B6AF63 /* MainVC.swift */ = {isa = PBXFileReference; lastKnownFileType = sourcecode.swift; path = MainVC.swift; sourceTree = "<group>"; };
		5BECAC21248FF54A00B6AF63 /* StartButton.swift */ = {isa = PBXFileReference; lastKnownFileType = sourcecode.swift; path = StartButton.swift; sourceTree = "<group>"; };
		5BF5C7BD2470E69A00739F18 /* CardsVC.swift */ = {isa = PBXFileReference; lastKnownFileType = sourcecode.swift; path = CardsVC.swift; sourceTree = "<group>"; };
/* End PBXFileReference section */

/* Begin PBXFrameworksBuildPhase section */
		5B288E74246F835F006E8A41 /* Frameworks */ = {
			isa = PBXFrameworksBuildPhase;
			buildActionMask = 2147483647;
			files = (
			);
			runOnlyForDeploymentPostprocessing = 0;
		};
/* End PBXFrameworksBuildPhase section */

/* Begin PBXGroup section */
		5B288E6E246F835F006E8A41 = {
			isa = PBXGroup;
			children = (
				5B288E79246F835F006E8A41 /* Imagine This */,
				5B288E78246F835F006E8A41 /* Products */,
			);
			sourceTree = "<group>";
		};
		5B288E78246F835F006E8A41 /* Products */ = {
			isa = PBXGroup;
			children = (
				5B288E77246F835F006E8A41 /* Imagine This.app */,
			);
			name = Products;
			sourceTree = "<group>";
		};
		5B288E79246F835F006E8A41 /* Imagine This */ = {
			isa = PBXGroup;
			children = (
				5BC11A5624BFF41600BE4B0F /* Manager */,
				5BC11A4F24BD628100BE4B0F /* Extensions */,
				5BF5C7BA2470E20C00739F18 /* Model */,
				5BF5C7BB2470E21600739F18 /* View */,
				5BF5C7BC2470E22500739F18 /* Controller */,
				5BF5C7B92470E0CB00739F18 /* Support */,
			);
			path = "Imagine This";
			sourceTree = "<group>";
		};
		5BC11A4F24BD628100BE4B0F /* Extensions */ = {
			isa = PBXGroup;
			children = (
				5B69429F24859725003BDFD5 /* UIView+Ext.swift */,
			);
			path = Extensions;
			sourceTree = "<group>";
		};
		5BC11A5624BFF41600BE4B0F /* Manager */ = {
			isa = PBXGroup;
			children = (
				5BC11A5724BFFA2D00BE4B0F /* SentenceManager.swift */,
			);
			name = Manager;
			sourceTree = "<group>";
		};
		5BECAC1F248F47B000B6AF63 /* Cells */ = {
			isa = PBXGroup;
			children = (
				5B819ADA248D45AF0090AD4E /* CategoryCell.swift */,
			);
			path = Cells;
			sourceTree = "<group>";
		};
		5BECAC20248FD11A00B6AF63 /* Buttons */ = {
			isa = PBXGroup;
			children = (
				5B61D120247B7DC200D13797 /* LevelButton.swift */,
				5BECAC21248FF54A00B6AF63 /* StartButton.swift */,
				5BC11A4C24BD518B00BE4B0F /* BackButton.swift */,
			);
			path = Buttons;
			sourceTree = "<group>";
		};
		5BF5C7B92470E0CB00739F18 /* Support */ = {
			isa = PBXGroup;
			children = (
				5B288E7A246F835F006E8A41 /* AppDelegate.swift */,
				5B288E7C246F835F006E8A41 /* SceneDelegate.swift */,
				5B288E83246F8362006E8A41 /* Assets.xcassets */,
				5B288E85246F8362006E8A41 /* LaunchScreen.storyboard */,
				5B288E88246F8362006E8A41 /* Info.plist */,
			);
			path = Support;
			sourceTree = "<group>";
		};
		5BF5C7BA2470E20C00739F18 /* Model */ = {
			isa = PBXGroup;
			children = (
				5B61D11C247B3BBE00D13797 /* WordsData.swift */,
				5BC11A5224BFC71900BE4B0F /* Level.swift */,
				5BC11A5424BFC73800BE4B0F /* Category.swift */,
			);
			path = Model;
			sourceTree = "<group>";
		};
		5BF5C7BB2470E21600739F18 /* View */ = {
			isa = PBXGroup;
			children = (
				5B288E80246F835F006E8A41 /* Main.storyboard */,
				5B69429D24859463003BDFD5 /* CardView.swift */,
				5B6FD804249871EA00A9255C /* BGImageView.swift */,
				5BECAC20248FD11A00B6AF63 /* Buttons */,
				5BECAC1F248F47B000B6AF63 /* Cells */,
			);
			path = View;
			sourceTree = "<group>";
		};
		5BF5C7BC2470E22500739F18 /* Controller */ = {
			isa = PBXGroup;
			children = (
				5BECAC1D248F455900B6AF63 /* MainVC.swift */,
				5BF5C7BD2470E69A00739F18 /* CardsVC.swift */,
			);
			path = Controller;
			sourceTree = "<group>";
		};
/* End PBXGroup section */

/* Begin PBXNativeTarget section */
		5B288E76246F835F006E8A41 /* Imagine This */ = {
			isa = PBXNativeTarget;
			buildConfigurationList = 5B288E8B246F8363006E8A41 /* Build configuration list for PBXNativeTarget "Imagine This" */;
			buildPhases = (
				5B288E73246F835F006E8A41 /* Sources */,
				5B288E74246F835F006E8A41 /* Frameworks */,
				5B288E75246F835F006E8A41 /* Resources */,
			);
			buildRules = (
			);
			dependencies = (
			);
			name = "Imagine This";
			productName = "Imagine This";
			productReference = 5B288E77246F835F006E8A41 /* Imagine This.app */;
			productType = "com.apple.product-type.application";
		};
/* End PBXNativeTarget section */

/* Begin PBXProject section */
		5B288E6F246F835F006E8A41 /* Project object */ = {
			isa = PBXProject;
			attributes = {
				LastSwiftUpdateCheck = 1140;
				LastUpgradeCheck = 1140;
				ORGANIZATIONNAME = "Aleksey Kabishau";
				TargetAttributes = {
					5B288E76246F835F006E8A41 = {
						CreatedOnToolsVersion = 11.4.1;
					};
				};
			};
			buildConfigurationList = 5B288E72246F835F006E8A41 /* Build configuration list for PBXProject "Imagine This" */;
			compatibilityVersion = "Xcode 9.3";
			developmentRegion = en;
			hasScannedForEncodings = 0;
			knownRegions = (
				en,
				Base,
			);
			mainGroup = 5B288E6E246F835F006E8A41;
			productRefGroup = 5B288E78246F835F006E8A41 /* Products */;
			projectDirPath = "";
			projectRoot = "";
			targets = (
				5B288E76246F835F006E8A41 /* Imagine This */,
			);
		};
/* End PBXProject section */

/* Begin PBXResourcesBuildPhase section */
		5B288E75246F835F006E8A41 /* Resources */ = {
			isa = PBXResourcesBuildPhase;
			buildActionMask = 2147483647;
			files = (
				5B288E87246F8362006E8A41 /* LaunchScreen.storyboard in Resources */,
				5B288E84246F8362006E8A41 /* Assets.xcassets in Resources */,
				5B288E82246F835F006E8A41 /* Main.storyboard in Resources */,
			);
			runOnlyForDeploymentPostprocessing = 0;
		};
/* End PBXResourcesBuildPhase section */

/* Begin PBXSourcesBuildPhase section */
		5B288E73246F835F006E8A41 /* Sources */ = {
			isa = PBXSourcesBuildPhase;
			buildActionMask = 2147483647;
			files = (
				5BF5C7BE2470E69A00739F18 /* CardsVC.swift in Sources */,
				5BECAC1E248F455900B6AF63 /* MainVC.swift in Sources */,
				5B61D121247B7DC200D13797 /* LevelButton.swift in Sources */,
				5BC11A5324BFC71900BE4B0F /* Level.swift in Sources */,
				5B6FD805249871EA00A9255C /* BGImageView.swift in Sources */,
				5B61D11D247B3BBE00D13797 /* WordsData.swift in Sources */,
				5BC11A5824BFFA2D00BE4B0F /* SentenceManager.swift in Sources */,
				5BC11A5524BFC73800BE4B0F /* Category.swift in Sources */,
				5BECAC22248FF54A00B6AF63 /* StartButton.swift in Sources */,
				5B6942A024859725003BDFD5 /* UIView+Ext.swift in Sources */,
				5B288E7B246F835F006E8A41 /* AppDelegate.swift in Sources */,
				5B69429E24859463003BDFD5 /* CardView.swift in Sources */,
				5B288E7D246F835F006E8A41 /* SceneDelegate.swift in Sources */,
				5BC11A4D24BD518B00BE4B0F /* BackButton.swift in Sources */,
				5B819ADB248D45AF0090AD4E /* CategoryCell.swift in Sources */,
			);
			runOnlyForDeploymentPostprocessing = 0;
		};
/* End PBXSourcesBuildPhase section */

/* Begin PBXVariantGroup section */
		5B288E80246F835F006E8A41 /* Main.storyboard */ = {
			isa = PBXVariantGroup;
			children = (
				5B288E81246F835F006E8A41 /* Base */,
			);
			name = Main.storyboard;
			sourceTree = "<group>";
		};
		5B288E85246F8362006E8A41 /* LaunchScreen.storyboard */ = {
			isa = PBXVariantGroup;
			children = (
				5B288E86246F8362006E8A41 /* Base */,
			);
			name = LaunchScreen.storyboard;
			sourceTree = "<group>";
		};
/* End PBXVariantGroup section */

/* Begin XCBuildConfiguration section */
		5B288E89246F8362006E8A41 /* Debug */ = {
			isa = XCBuildConfiguration;
			buildSettings = {
				ALWAYS_SEARCH_USER_PATHS = NO;
				CLANG_ANALYZER_NONNULL = YES;
				CLANG_ANALYZER_NUMBER_OBJECT_CONVERSION = YES_AGGRESSIVE;
				CLANG_CXX_LANGUAGE_STANDARD = "gnu++14";
				CLANG_CXX_LIBRARY = "libc++";
				CLANG_ENABLE_MODULES = YES;
				CLANG_ENABLE_OBJC_ARC = YES;
				CLANG_ENABLE_OBJC_WEAK = YES;
				CLANG_WARN_BLOCK_CAPTURE_AUTORELEASING = YES;
				CLANG_WARN_BOOL_CONVERSION = YES;
				CLANG_WARN_COMMA = YES;
				CLANG_WARN_CONSTANT_CONVERSION = YES;
				CLANG_WARN_DEPRECATED_OBJC_IMPLEMENTATIONS = YES;
				CLANG_WARN_DIRECT_OBJC_ISA_USAGE = YES_ERROR;
				CLANG_WARN_DOCUMENTATION_COMMENTS = YES;
				CLANG_WARN_EMPTY_BODY = YES;
				CLANG_WARN_ENUM_CONVERSION = YES;
				CLANG_WARN_INFINITE_RECURSION = YES;
				CLANG_WARN_INT_CONVERSION = YES;
				CLANG_WARN_NON_LITERAL_NULL_CONVERSION = YES;
				CLANG_WARN_OBJC_IMPLICIT_RETAIN_SELF = YES;
				CLANG_WARN_OBJC_LITERAL_CONVERSION = YES;
				CLANG_WARN_OBJC_ROOT_CLASS = YES_ERROR;
				CLANG_WARN_RANGE_LOOP_ANALYSIS = YES;
				CLANG_WARN_STRICT_PROTOTYPES = YES;
				CLANG_WARN_SUSPICIOUS_MOVE = YES;
				CLANG_WARN_UNGUARDED_AVAILABILITY = YES_AGGRESSIVE;
				CLANG_WARN_UNREACHABLE_CODE = YES;
				CLANG_WARN__DUPLICATE_METHOD_MATCH = YES;
				COPY_PHASE_STRIP = NO;
				DEBUG_INFORMATION_FORMAT = dwarf;
				ENABLE_STRICT_OBJC_MSGSEND = YES;
				ENABLE_TESTABILITY = YES;
				GCC_C_LANGUAGE_STANDARD = gnu11;
				GCC_DYNAMIC_NO_PIC = NO;
				GCC_NO_COMMON_BLOCKS = YES;
				GCC_OPTIMIZATION_LEVEL = 0;
				GCC_PREPROCESSOR_DEFINITIONS = (
					"DEBUG=1",
					"$(inherited)",
				);
				GCC_WARN_64_TO_32_BIT_CONVERSION = YES;
				GCC_WARN_ABOUT_RETURN_TYPE = YES_ERROR;
				GCC_WARN_UNDECLARED_SELECTOR = YES;
				GCC_WARN_UNINITIALIZED_AUTOS = YES_AGGRESSIVE;
				GCC_WARN_UNUSED_FUNCTION = YES;
				GCC_WARN_UNUSED_VARIABLE = YES;
				IPHONEOS_DEPLOYMENT_TARGET = 13.4;
				MTL_ENABLE_DEBUG_INFO = INCLUDE_SOURCE;
				MTL_FAST_MATH = YES;
				ONLY_ACTIVE_ARCH = YES;
				SDKROOT = iphoneos;
				SWIFT_ACTIVE_COMPILATION_CONDITIONS = DEBUG;
				SWIFT_OPTIMIZATION_LEVEL = "-Onone";
			};
			name = Debug;
		};
		5B288E8A246F8362006E8A41 /* Release */ = {
			isa = XCBuildConfiguration;
			buildSettings = {
				ALWAYS_SEARCH_USER_PATHS = NO;
				CLANG_ANALYZER_NONNULL = YES;
				CLANG_ANALYZER_NUMBER_OBJECT_CONVERSION = YES_AGGRESSIVE;
				CLANG_CXX_LANGUAGE_STANDARD = "gnu++14";
				CLANG_CXX_LIBRARY = "libc++";
				CLANG_ENABLE_MODULES = YES;
				CLANG_ENABLE_OBJC_ARC = YES;
				CLANG_ENABLE_OBJC_WEAK = YES;
				CLANG_WARN_BLOCK_CAPTURE_AUTORELEASING = YES;
				CLANG_WARN_BOOL_CONVERSION = YES;
				CLANG_WARN_COMMA = YES;
				CLANG_WARN_CONSTANT_CONVERSION = YES;
				CLANG_WARN_DEPRECATED_OBJC_IMPLEMENTATIONS = YES;
				CLANG_WARN_DIRECT_OBJC_ISA_USAGE = YES_ERROR;
				CLANG_WARN_DOCUMENTATION_COMMENTS = YES;
				CLANG_WARN_EMPTY_BODY = YES;
				CLANG_WARN_ENUM_CONVERSION = YES;
				CLANG_WARN_INFINITE_RECURSION = YES;
				CLANG_WARN_INT_CONVERSION = YES;
				CLANG_WARN_NON_LITERAL_NULL_CONVERSION = YES;
				CLANG_WARN_OBJC_IMPLICIT_RETAIN_SELF = YES;
				CLANG_WARN_OBJC_LITERAL_CONVERSION = YES;
				CLANG_WARN_OBJC_ROOT_CLASS = YES_ERROR;
				CLANG_WARN_RANGE_LOOP_ANALYSIS = YES;
				CLANG_WARN_STRICT_PROTOTYPES = YES;
				CLANG_WARN_SUSPICIOUS_MOVE = YES;
				CLANG_WARN_UNGUARDED_AVAILABILITY = YES_AGGRESSIVE;
				CLANG_WARN_UNREACHABLE_CODE = YES;
				CLANG_WARN__DUPLICATE_METHOD_MATCH = YES;
				COPY_PHASE_STRIP = NO;
				DEBUG_INFORMATION_FORMAT = "dwarf-with-dsym";
				ENABLE_NS_ASSERTIONS = NO;
				ENABLE_STRICT_OBJC_MSGSEND = YES;
				GCC_C_LANGUAGE_STANDARD = gnu11;
				GCC_NO_COMMON_BLOCKS = YES;
				GCC_WARN_64_TO_32_BIT_CONVERSION = YES;
				GCC_WARN_ABOUT_RETURN_TYPE = YES_ERROR;
				GCC_WARN_UNDECLARED_SELECTOR = YES;
				GCC_WARN_UNINITIALIZED_AUTOS = YES_AGGRESSIVE;
				GCC_WARN_UNUSED_FUNCTION = YES;
				GCC_WARN_UNUSED_VARIABLE = YES;
				IPHONEOS_DEPLOYMENT_TARGET = 13.4;
				MTL_ENABLE_DEBUG_INFO = NO;
				MTL_FAST_MATH = YES;
				SDKROOT = iphoneos;
				SWIFT_COMPILATION_MODE = wholemodule;
				SWIFT_OPTIMIZATION_LEVEL = "-O";
				VALIDATE_PRODUCT = YES;
			};
			name = Release;
		};
		5B288E8C246F8363006E8A41 /* Debug */ = {
			isa = XCBuildConfiguration;
			buildSettings = {
				ASSETCATALOG_COMPILER_APPICON_NAME = AppIcon;
				CODE_SIGN_STYLE = Automatic;
				DEVELOPMENT_TEAM = VGW2M4R8BY;
				INFOPLIST_FILE = "Imagine This/Support/Info.plist";
				LD_RUNPATH_SEARCH_PATHS = (
					"$(inherited)",
					"@executable_path/Frameworks",
				);
				PRODUCT_BUNDLE_IDENTIFIER = "com.alekseykabishau.Imagine-This";
				PRODUCT_NAME = "$(TARGET_NAME)";
				SWIFT_VERSION = 5.0;
				TARGETED_DEVICE_FAMILY = 1;
			};
			name = Debug;
		};
		5B288E8D246F8363006E8A41 /* Release */ = {
			isa = XCBuildConfiguration;
			buildSettings = {
				ASSETCATALOG_COMPILER_APPICON_NAME = AppIcon;
				CODE_SIGN_STYLE = Automatic;
				DEVELOPMENT_TEAM = VGW2M4R8BY;
				INFOPLIST_FILE = "Imagine This/Support/Info.plist";
				LD_RUNPATH_SEARCH_PATHS = (
					"$(inherited)",
					"@executable_path/Frameworks",
				);
				PRODUCT_BUNDLE_IDENTIFIER = "com.alekseykabishau.Imagine-This";
				PRODUCT_NAME = "$(TARGET_NAME)";
				SWIFT_VERSION = 5.0;
				TARGETED_DEVICE_FAMILY = 1;
			};
			name = Release;
		};
/* End XCBuildConfiguration section */

/* Begin XCConfigurationList section */
		5B288E72246F835F006E8A41 /* Build configuration list for PBXProject "Imagine This" */ = {
			isa = XCConfigurationList;
			buildConfigurations = (
				5B288E89246F8362006E8A41 /* Debug */,
				5B288E8A246F8362006E8A41 /* Release */,
			);
			defaultConfigurationIsVisible = 0;
			defaultConfigurationName = Release;
		};
		5B288E8B246F8363006E8A41 /* Build configuration list for PBXNativeTarget "Imagine This" */ = {
			isa = XCConfigurationList;
			buildConfigurations = (
				5B288E8C246F8363006E8A41 /* Debug */,
				5B288E8D246F8363006E8A41 /* Release */,
			);
			defaultConfigurationIsVisible = 0;
			defaultConfigurationName = Release;
		};
/* End XCConfigurationList section */
	};
	rootObject = 5B288E6F246F835F006E8A41 /* Project object */;
}
